
Microsoft Visual Studio Solution File, Format Version 12.00
# Visual Studio 15
VisualStudioVersion = 15.0.28307.1209
MinimumVisualStudioVersion = 10.0.40219.1
Project("{FAE04EC0-301F-11D3-BF4B-00C04F79EFBC}") = "CheckPwd", "CheckPwd\CheckPwd.csproj", "{C2EAC93E-E450-4F14-B51A-810579A4E780}"
EndProject
Global
	GlobalSection(SolutionConfigurationPlatforms) = preSolution
		Debug|Any CPU = Debug|Any CPU
		Release|Any CPU = Release|Any CPU
	EndGlobalSection
	GlobalSection(ProjectConfigurationPlatforms) = postSolution
		{C2EAC93E-E450-4F14-B51A-810579A4E780}.Debug|Any CPU.ActiveCfg = Debug|Any CPU
		{C2EAC93E-E450-4F14-B51A-810579A4E780}.Debug|Any CPU.Build.0 = Debug|Any CPU
		{C2EAC93E-E450-4F14-B51A-810579A4E780}.Release|Any CPU.ActiveCfg = Release|Any CPU
		{C2EAC93E-E450-4F14-B51A-810579A4E780}.Release|Any CPU.Build.0 = Release|Any CPU
	EndGlobalSection
	GlobalSection(SolutionProperties) = preSolution
		HideSolutionNode = FALSE
	EndGlobalSection
	GlobalSection(ExtensibilityGlobals) = postSolution
		SolutionGuid = {44DAEEF8-F3F1-4A71-82AA-36FBEB8BA042}
	EndGlobalSection
EndGlobal
